
Microsoft Visual Studio Solution File, Format Version 12.00
# Visual Studio Version 17
VisualStudioVersion = 17.10.35122.118
MinimumVisualStudioVersion = 10.0.40219.1
Project("{FAE04EC0-301F-11D3-BF4B-00C04F79EFBC}") = "KullanıcıTabloOlusturma", "KullanıcıTabloOlusturma\KullanıcıTabloOlusturma.csproj", "{C47E7CF6-44B1-46D5-A299-EC750B780D80}"
EndProject
Global
	GlobalSection(SolutionConfigurationPlatforms) = preSolution
		Debug|Any CPU = Debug|Any CPU
		Release|Any CPU = Release|Any CPU
	EndGlobalSection
	GlobalSection(ProjectConfigurationPlatforms) = postSolution
		{C47E7CF6-44B1-46D5-A299-EC750B780D80}.Debug|Any CPU.ActiveCfg = Debug|Any CPU
		{C47E7CF6-44B1-46D5-A299-EC750B780D80}.Debug|Any CPU.Build.0 = Debug|Any CPU
		{C47E7CF6-44B1-46D5-A299-EC750B780D80}.Release|Any CPU.ActiveCfg = Release|Any CPU
		{C47E7CF6-44B1-46D5-A299-EC750B780D80}.Release|Any CPU.Build.0 = Release|Any CPU
	EndGlobalSection
	GlobalSection(SolutionProperties) = preSolution
		HideSolutionNode = FALSE
	EndGlobalSection
	GlobalSection(ExtensibilityGlobals) = postSolution
		SolutionGuid = {0F6A7321-BB54-46E5-9FF0-0FC2819792E4}
	EndGlobalSection
EndGlobal
